PODS:
  - AFNetworkActivityLogger (2.0.4):
    - AFNetworking/NSURLConnection (~> 2.0)
    - AFNetworking/NSURLSession (~> 2.0)
  - AFNetworking (2.6.3):
    - AFNetworking/NSURLConnection (= 2.6.3)
    - AFNetworking/NSURLSession (= 2.6.3)
    - AFNetworking/Reachability (= 2.6.3)
    - AFNetworking/Security (= 2.6.3)
    - AFNetworking/Serialization (= 2.6.3)
    - AFNetworking/UIKit (= 2.6.3)
  - AFNetworking/NSURLConnection (2.6.3):
    - AFNetworking/Reachability
    - AFNetworking/Security
    - AFNetworking/Serialization
  - AFNetworking/NSURLSession (2.6.3):
    - AFNetworking/Reachability
    - AFNetworking/Security
    - AFNetworking/Serialization
  - AFNetworking/Reachability (2.6.3)
  - AFNetworking/Security (2.6.3)
  - AFNetworking/Serialization (2.6.3)
  - AFNetworking/UIKit (2.6.3):
    - AFNetworking/NSURLConnection
    - AFNetworking/NSURLSession
  - CocoaLumberjack (3.1.0):
    - CocoaLumberjack/Default (= 3.1.0)
    - CocoaLumberjack/Extensions (= 3.1.0)
  - CocoaLumberjack/Default (3.1.0)
  - CocoaLumberjack/Extensions (3.1.0):
    - CocoaLumberjack/Default
  - FirebaseAnalytics (3.7.0):
    - FirebaseCore (~> 3.5)
    - FirebaseInstanceID (~> 1.0)
    - GoogleToolboxForMac/NSData+zlib (~> 2.1)
  - FirebaseCore (3.5.1):
    - GoogleToolboxForMac/NSData+zlib (~> 2.1)
  - FirebaseInstanceID (1.0.9)
  - Google/Analytics (3.0.3):
    - Google/Core
    - GoogleAnalytics (~> 3.12)
  - Google/Core (3.0.3):
    - FirebaseAnalytics (~> 3.2)
  - GoogleAnalytics (3.17.0)
  - GoogleToolboxForMac/Defines (2.1.1)
  - GoogleToolboxForMac/NSData+zlib (2.1.1):
    - GoogleToolboxForMac/Defines (= 2.1.1)
  - HTCopyableLabel (0.0.7)
  - le (1.2)
  - MMDrawerController (0.6.0):
    - MMDrawerController/Core (= 0.6.0)
    - MMDrawerController/MMDrawerBarButtonItem (= 0.6.0)
    - MMDrawerController/MMDrawerVisualStates (= 0.6.0)
    - MMDrawerController/Subclass (= 0.6.0)
  - MMDrawerController+Storyboard (0.0.2):
    - MMDrawerController
  - MMDrawerController/Core (0.6.0)
  - MMDrawerController/MMDrawerBarButtonItem (0.6.0):
    - MMDrawerController/Core
  - MMDrawerController/MMDrawerVisualStates (0.6.0):
    - MMDrawerController/Core
  - MMDrawerController/Subclass (0.6.0):
    - MMDrawerController/Core
  - OCMock (3.4)
  - OHHTTPStubs (5.2.3):
    - OHHTTPStubs/Default (= 5.2.3)
  - OHHTTPStubs/Core (5.2.3)
  - OHHTTPStubs/Default (5.2.3):
    - OHHTTPStubs/Core
    - OHHTTPStubs/JSON
    - OHHTTPStubs/NSURLSession
    - OHHTTPStubs/OHPathHelpers
  - OHHTTPStubs/JSON (5.2.3):
    - OHHTTPStubs/Core
  - OHHTTPStubs/NSURLSession (5.2.3):
    - OHHTTPStubs/Core
  - OHHTTPStubs/OHPathHelpers (5.2.3)
  - PBWebViewController (0.5.0)
  - Reachability (3.2)
  - SAMKeychain (1.5.2)
  - SimulatorStatusMagic (1.9.3)
  - SPLumberjackLogFormatter (0.0.1):
    - CocoaLumberjack
  - SVProgressHUD (2.1.2)
  - Vialer-pjsip-iOS (2.0.1)
  - VialerSIPLib (2.6.0):
    - CocoaLumberjack
    - Reachability
    - Vialer-pjsip-iOS

DEPENDENCIES:
  - AFNetworkActivityLogger
  - AFNetworking
  - Google/Analytics
  - HTCopyableLabel
  - le (from `https://github.com/LogentriesCommunity/le_ios.git`)
  - MMDrawerController+Storyboard (from `https://github.com/TomSwift/MMDrawerController-Storyboard.git`)
  - OCMock
  - OHHTTPStubs
  - PBWebViewController
  - Reachability
  - SAMKeychain
  - SimulatorStatusMagic
  - SPLumberjackLogFormatter (from `https://github.com/VoIPGRID/SPLumberjackLogFormatter.git`)
  - SVProgressHUD
  - VialerSIPLib

EXTERNAL SOURCES:
  le:
    :git: https://github.com/LogentriesCommunity/le_ios.git
  MMDrawerController+Storyboard:
    :git: https://github.com/TomSwift/MMDrawerController-Storyboard.git
  SPLumberjackLogFormatter:
    :git: https://github.com/VoIPGRID/SPLumberjackLogFormatter.git

CHECKOUT OPTIONS:
  le:
    :commit: aa36d3f5693dc64748a29193e2ad8e0e88e471a1
    :git: https://github.com/LogentriesCommunity/le_ios.git
  MMDrawerController+Storyboard:
    :commit: f6e7de9be7a1b595bb15a7a0c3b4e03a61117ee8
    :git: https://github.com/TomSwift/MMDrawerController-Storyboard.git
  SPLumberjackLogFormatter:
    :commit: c0155bfd953746f13e94c84b8b2c13908242e3e4
    :git: https://github.com/VoIPGRID/SPLumberjackLogFormatter.git

SPEC CHECKSUMS:
  AFNetworkActivityLogger: 121486778117d53b3ab1c61d264b88081d0c3eee
  AFNetworking: cb8d14a848e831097108418f5d49217339d4eb60
  CocoaLumberjack: 8311463ddf9ee86a06ef92a071dd656c89244500
  FirebaseAnalytics: 0d1b7d81d5021155be37702a94ba1ec16d45365d
  FirebaseCore: 225d40532489835a034b8f4e2c9c87fbf4f615a2
  FirebaseInstanceID: 2d0518b1378fe9d685ef40cbdd63d2fdc1125339
  Google: 813c467362eabc11385f5a5cc9ad0cb651a58f4e
  GoogleAnalytics: f42cc53a87a51fe94334821868d9c8481ff47a7b
  GoogleToolboxForMac: 8e329f1b599f2512c6b10676d45736bcc2cbbeb0
  HTCopyableLabel: e67c190d2f1f8f03c9d9858a7d8ce33be7fb43fa
  le: bf3cacea7b4208b2bcda82b0c1c224603f5651a9
  MMDrawerController: e3a54a5570388463ad3b36975251575b50c4e1a0
  MMDrawerController+Storyboard: 46e1a8c17041d4ee000c5730f0106cbd87ddb54f
  OCMock: 35ae71d6a8fcc1b59434d561d1520b9dd4f15765
  OHHTTPStubs: e238cd5b66d8efa51c861db45895de8fe079f4a7
  PBWebViewController: 6537990155ca850fb8d0563efbc12becebc953ef
  Reachability: 33e18b67625424e47b6cde6d202dce689ad7af96
  SAMKeychain: 1865333198217411f35327e8da61b43de79b635b
  SimulatorStatusMagic: 4703d78db62ff6419d889c8b2ed4ec38f9bba501
  SPLumberjackLogFormatter: a2290c9b880f3166b2d1bace45dc1fc1302b28ab
  SVProgressHUD: c404a55d78acbeb7ebb78b76d3faf986475a6994
  Vialer-pjsip-iOS: 8f9073448404525d53f3aa4b9517e3b2b9aae2c7
  VialerSIPLib: dafb8b08b1c91a63b1cdc2148b435bc6d3754a8f

PODFILE CHECKSUM: 467f636fb378ab3a53ccfe6ef4ed6408fa31eb1b

COCOAPODS: 1.2.0
