PODS:
  - AFNetworkActivityLogger (2.0.4):
    - AFNetworking/NSURLConnection (~> 2.0)
    - AFNetworking/NSURLSession (~> 2.0)
  - AFNetworking (2.6.3):
    - AFNetworking/NSURLConnection (= 2.6.3)
    - AFNetworking/NSURLSession (= 2.6.3)
    - AFNetworking/Reachability (= 2.6.3)
    - AFNetworking/Security (= 2.6.3)
    - AFNetworking/Serialization (= 2.6.3)
    - AFNetworking/UIKit (= 2.6.3)
  - AFNetworking/NSURLConnection (2.6.3):
    - AFNetworking/Reachability
    - AFNetworking/Security
    - AFNetworking/Serialization
  - AFNetworking/NSURLSession (2.6.3):
    - AFNetworking/Reachability
    - AFNetworking/Security
    - AFNetworking/Serialization
  - AFNetworking/Reachability (2.6.3)
  - AFNetworking/Security (2.6.3)
  - AFNetworking/Serialization (2.6.3)
  - AFNetworking/UIKit (2.6.3):
    - AFNetworking/NSURLConnection
    - AFNetworking/NSURLSession
  - CocoaLumberjack (3.3.0):
    - CocoaLumberjack/Default (= 3.3.0)
    - CocoaLumberjack/Extensions (= 3.3.0)
  - CocoaLumberjack/Default (3.3.0)
  - CocoaLumberjack/Extensions (3.3.0):
    - CocoaLumberjack/Default
  - GoogleAnalytics (3.17.0)
  - HTCopyableLabel (0.0.7)
  - le (1.2)
  - MMDrawerController (0.6.0):
    - MMDrawerController/Core (= 0.6.0)
    - MMDrawerController/MMDrawerBarButtonItem (= 0.6.0)
    - MMDrawerController/MMDrawerVisualStates (= 0.6.0)
    - MMDrawerController/Subclass (= 0.6.0)
  - MMDrawerController+Storyboard (0.0.2):
    - MMDrawerController
  - MMDrawerController/Core (0.6.0)
  - MMDrawerController/MMDrawerBarButtonItem (0.6.0):
    - MMDrawerController/Core
  - MMDrawerController/MMDrawerVisualStates (0.6.0):
    - MMDrawerController/Core
  - MMDrawerController/Subclass (0.6.0):
    - MMDrawerController/Core
  - OCMock (3.4)
  - OHHTTPStubs (6.0.0):
    - OHHTTPStubs/Default (= 6.0.0)
  - OHHTTPStubs/Core (6.0.0)
  - OHHTTPStubs/Default (6.0.0):
    - OHHTTPStubs/Core
    - OHHTTPStubs/JSON
    - OHHTTPStubs/NSURLSession
    - OHHTTPStubs/OHPathHelpers
  - OHHTTPStubs/JSON (6.0.0):
    - OHHTTPStubs/Core
  - OHHTTPStubs/NSURLSession (6.0.0):
    - OHHTTPStubs/Core
  - OHHTTPStubs/OHPathHelpers (6.0.0)
  - PBWebViewController (0.5.0)
  - Reachability (3.2)
  - SAMKeychain (1.5.3)
  - SimulatorStatusMagic (2.0)
  - SPLumberjackLogFormatter (0.0.1):
    - CocoaLumberjack
  - SVProgressHUD (2.2.2)
  - Vialer-pjsip-iOS (3.1.0)
  - VialerSIPLib (2.7.0):
    - CocoaLumberjack
    - Reachability
    - Vialer-pjsip-iOS

DEPENDENCIES:
  - AFNetworkActivityLogger
  - AFNetworking
  - GoogleAnalytics
  - HTCopyableLabel
  - le (from `https://github.com/LogentriesCommunity/le_ios.git`)
  - MMDrawerController+Storyboard (from `https://github.com/TomSwift/MMDrawerController-Storyboard.git`)
  - OCMock
  - OHHTTPStubs
  - PBWebViewController
  - SAMKeychain
  - SimulatorStatusMagic
  - SPLumberjackLogFormatter (from `https://github.com/VoIPGRID/SPLumberjackLogFormatter.git`)
  - SVProgressHUD
  - VialerSIPLib

EXTERNAL SOURCES:
  le:
    :git: https://github.com/LogentriesCommunity/le_ios.git
  MMDrawerController+Storyboard:
    :git: https://github.com/TomSwift/MMDrawerController-Storyboard.git
  SPLumberjackLogFormatter:
    :git: https://github.com/VoIPGRID/SPLumberjackLogFormatter.git

CHECKOUT OPTIONS:
  le:
    :commit: aa36d3f5693dc64748a29193e2ad8e0e88e471a1
    :git: https://github.com/LogentriesCommunity/le_ios.git
  MMDrawerController+Storyboard:
    :commit: f6e7de9be7a1b595bb15a7a0c3b4e03a61117ee8
    :git: https://github.com/TomSwift/MMDrawerController-Storyboard.git
  SPLumberjackLogFormatter:
    :commit: c0155bfd953746f13e94c84b8b2c13908242e3e4
    :git: https://github.com/VoIPGRID/SPLumberjackLogFormatter.git

SPEC CHECKSUMS:
  AFNetworkActivityLogger: 121486778117d53b3ab1c61d264b88081d0c3eee
  AFNetworking: cb8d14a848e831097108418f5d49217339d4eb60
  CocoaLumberjack: 3c8c74683302f9012bb168e1c4b7ae3c0b558431
  GoogleAnalytics: f42cc53a87a51fe94334821868d9c8481ff47a7b
  HTCopyableLabel: e67c190d2f1f8f03c9d9858a7d8ce33be7fb43fa
  le: bf3cacea7b4208b2bcda82b0c1c224603f5651a9
  MMDrawerController: e3a54a5570388463ad3b36975251575b50c4e1a0
  MMDrawerController+Storyboard: 46e1a8c17041d4ee000c5730f0106cbd87ddb54f
  OCMock: 35ae71d6a8fcc1b59434d561d1520b9dd4f15765
  OHHTTPStubs: 752f9b11fd810a15162d50f11c06ff94f8e012eb
  PBWebViewController: 6537990155ca850fb8d0563efbc12becebc953ef
  Reachability: 33e18b67625424e47b6cde6d202dce689ad7af96
  SAMKeychain: 483e1c9f32984d50ca961e26818a534283b4cd5c
  SimulatorStatusMagic: c8e958d70e0e0cd2d7cf33bb95014a222ddecf0a
  SPLumberjackLogFormatter: a2290c9b880f3166b2d1bace45dc1fc1302b28ab
  SVProgressHUD: 59b2d3dabacbd051576d21d32293ca7228dc18b0
  Vialer-pjsip-iOS: 7b2d8d85cc22ad212d6ffa25d65dabeb6d277c58
  VialerSIPLib: c91e5d897e9200de8867b68b500d63c40a986372

PODFILE CHECKSUM: 0de7cbfceb8472266654f0d8fe12563502cfefe9

COCOAPODS: 1.4.0
