PODS:
  - AFNetworkActivityLogger (2.0.4):
    - AFNetworking/NSURLConnection (~> 2.0)
    - AFNetworking/NSURLSession (~> 2.0)
  - AFNetworking (2.6.3):
    - AFNetworking/NSURLConnection (= 2.6.3)
    - AFNetworking/NSURLSession (= 2.6.3)
    - AFNetworking/Reachability (= 2.6.3)
    - AFNetworking/Security (= 2.6.3)
    - AFNetworking/Serialization (= 2.6.3)
    - AFNetworking/UIKit (= 2.6.3)
  - AFNetworking/NSURLConnection (2.6.3):
    - AFNetworking/Reachability
    - AFNetworking/Security
    - AFNetworking/Serialization
  - AFNetworking/NSURLSession (2.6.3):
    - AFNetworking/Reachability
    - AFNetworking/Security
    - AFNetworking/Serialization
  - AFNetworking/Reachability (2.6.3)
  - AFNetworking/Security (2.6.3)
  - AFNetworking/Serialization (2.6.3)
  - AFNetworking/UIKit (2.6.3):
    - AFNetworking/NSURLConnection
    - AFNetworking/NSURLSession
  - CocoaLumberjack (3.0.0):
    - CocoaLumberjack/Default (= 3.0.0)
    - CocoaLumberjack/Extensions (= 3.0.0)
  - CocoaLumberjack/Core (3.0.0)
  - CocoaLumberjack/Default (3.0.0):
    - CocoaLumberjack/Core
  - CocoaLumberjack/Extensions (3.0.0):
    - CocoaLumberjack/Default
  - FirebaseAnalytics (3.4.4):
    - FirebaseCore (~> 3.4)
    - FirebaseInstanceID (~> 1.0)
    - GoogleInterchangeUtilities (~> 1.2)
    - GoogleSymbolUtilities (~> 1.1)
  - FirebaseCore (3.4.3):
    - GoogleInterchangeUtilities (~> 1.2)
    - GoogleUtilities (~> 1.2)
  - FirebaseInstanceID (1.0.8)
  - Google/Analytics (3.0.3):
    - Google/Core
    - GoogleAnalytics (~> 3.12)
  - Google/Core (3.0.3):
    - FirebaseAnalytics (~> 3.2)
  - GoogleAnalytics (3.17.0)
  - GoogleInterchangeUtilities (1.2.2):
    - GoogleSymbolUtilities (~> 1.1)
  - GoogleSymbolUtilities (1.1.2)
  - GoogleUtilities (1.3.2):
    - GoogleSymbolUtilities (~> 1.1)
  - HTCopyableLabel (0.0.7)
  - MMDrawerController (0.6.0):
    - MMDrawerController/Core (= 0.6.0)
    - MMDrawerController/MMDrawerBarButtonItem (= 0.6.0)
    - MMDrawerController/MMDrawerVisualStates (= 0.6.0)
    - MMDrawerController/Subclass (= 0.6.0)
  - MMDrawerController+Storyboard (0.0.2):
    - MMDrawerController
  - MMDrawerController/Core (0.6.0)
  - MMDrawerController/MMDrawerBarButtonItem (0.6.0):
    - MMDrawerController/Core
  - MMDrawerController/MMDrawerVisualStates (0.6.0):
    - MMDrawerController/Core
  - MMDrawerController/Subclass (0.6.0):
    - MMDrawerController/Core
  - OCMock (3.3.1)
  - OHHTTPStubs (5.2.2):
    - OHHTTPStubs/Default (= 5.2.2)
  - OHHTTPStubs/Core (5.2.2)
  - OHHTTPStubs/Default (5.2.2):
    - OHHTTPStubs/Core
    - OHHTTPStubs/JSON
    - OHHTTPStubs/NSURLSession
    - OHHTTPStubs/OHPathHelpers
  - OHHTTPStubs/JSON (5.2.2):
    - OHHTTPStubs/Core
  - OHHTTPStubs/NSURLSession (5.2.2):
    - OHHTTPStubs/Core
  - OHHTTPStubs/OHPathHelpers (5.2.2)
  - PBWebViewController (0.5.0)
  - Reachability (3.2)
  - SAMKeychain (1.5.2)
  - SimulatorStatusMagic (1.9.2)
  - SPLumberjackLogFormatter (0.0.1):
    - CocoaLumberjack
  - SVProgressHUD (2.0.4)
  - Vialer-pjsip-iOS (1.0)
  - VialerSIPLib (2.0.0-beta.01):
    - CocoaLumberjack
    - Reachability
    - Vialer-pjsip-iOS

DEPENDENCIES:
  - AFNetworkActivityLogger
  - AFNetworking
  - Google/Analytics
  - HTCopyableLabel
  - MMDrawerController+Storyboard (from `https://github.com/TomSwift/MMDrawerController-Storyboard.git`)
  - OCMock
  - OHHTTPStubs
  - PBWebViewController
  - Reachability
  - SAMKeychain
  - SimulatorStatusMagic
  - SPLumberjackLogFormatter (from `https://github.com/VoIPGRID/SPLumberjackLogFormatter.git`)
  - SVProgressHUD
  - VialerSIPLib (= 2.0.0-beta.01)

EXTERNAL SOURCES:
  MMDrawerController+Storyboard:
    :git: https://github.com/TomSwift/MMDrawerController-Storyboard.git
  SPLumberjackLogFormatter:
    :git: https://github.com/VoIPGRID/SPLumberjackLogFormatter.git

CHECKOUT OPTIONS:
  MMDrawerController+Storyboard:
    :commit: f6e7de9be7a1b595bb15a7a0c3b4e03a61117ee8
    :git: https://github.com/TomSwift/MMDrawerController-Storyboard.git
  SPLumberjackLogFormatter:
    :commit: 693c70a7087a81adc5f6c56218d7283cc5dc122b
    :git: https://github.com/VoIPGRID/SPLumberjackLogFormatter.git

SPEC CHECKSUMS:
  AFNetworkActivityLogger: 121486778117d53b3ab1c61d264b88081d0c3eee
  AFNetworking: cb8d14a848e831097108418f5d49217339d4eb60
  CocoaLumberjack: c823149bccc5519a9447aeb433be7b1212a7d6a5
  FirebaseAnalytics: 0533a00b681e08fd0b2cd0444b7ddf0ef9fd7a1a
  FirebaseCore: 5a885548bbc5f0c410b04f8e9ac9d73ff1221907
  FirebaseInstanceID: ba1e640935235e5fac39dfa816fe7660e72e1a8a
  Google: 813c467362eabc11385f5a5cc9ad0cb651a58f4e
  GoogleAnalytics: f42cc53a87a51fe94334821868d9c8481ff47a7b
  GoogleInterchangeUtilities: d5bc4d88d5b661ab72f9d70c58d02ca8c27ad1f7
  GoogleSymbolUtilities: 631ee17048aa5e9ab133470d768ea997a5ef9b96
  GoogleUtilities: 8bbc733218aad26306f9d4a253823986110e3358
  HTCopyableLabel: e67c190d2f1f8f03c9d9858a7d8ce33be7fb43fa
  MMDrawerController: e3a54a5570388463ad3b36975251575b50c4e1a0
  MMDrawerController+Storyboard: 46e1a8c17041d4ee000c5730f0106cbd87ddb54f
  OCMock: f3f61e6eaa16038c30caa5798c5e49d3307b6f22
  OHHTTPStubs: 34d9d0994e64fcf8552dbfade5ce82ada913ee31
  PBWebViewController: 6537990155ca850fb8d0563efbc12becebc953ef
  Reachability: 33e18b67625424e47b6cde6d202dce689ad7af96
  SAMKeychain: 1865333198217411f35327e8da61b43de79b635b
  SimulatorStatusMagic: f6cf062b0e5a2df6f000bb0f98d1ae6977c8dbc1
  SPLumberjackLogFormatter: a2290c9b880f3166b2d1bace45dc1fc1302b28ab
  SVProgressHUD: bfde85ed6c573ea802b9cb37894ed9b629034f1b
  Vialer-pjsip-iOS: 7313b19c4c2fa228a419f697a95aff1c17e649f3
  VialerSIPLib: 0c3a33568ddcb2a7ca6fcc65a3cc9422313e9bd6

PODFILE CHECKSUM: a9f7335f69aa8371cddc8da1c41db353728d90dd

COCOAPODS: 1.2.0.beta.1
